<?xml version="1.0" encoding="utf-8"?>
<Project ToolsVersion="4.0" xmlns="http://schemas.microsoft.com/developer/msbuild/2003">
  <ItemGroup>
    <Filter Include="Source Files">
      <UniqueIdentifier>{4FC737F1-C7A5-4376-A066-2A32D752A2FF}</UniqueIdentifier>
      <Extensions>cpp;c;cc;cxx;c++;cppm;ixx;def;odl;idl;hpj;bat;asm;asmx</Extensions>
    </Filter>
    <Filter Include="Header Files">
      <UniqueIdentifier>{93995380-89BD-4b04-88EB-625FBE52EBFB}</UniqueIdentifier>
      <Extensions>h;hh;hpp;hxx;h++;hm;inl;inc;ipp;xsd</Extensions>
    </Filter>
    <Filter Include="Resource Files">
      <UniqueIdentifier>{67DA6AB6-F800-4c08-8B7A-83BB121AAD01}</UniqueIdentifier>
      <Extensions>rc;ico;cur;bmp;dlg;rc2;rct;bin;rgs;gif;jpg;jpeg;jpe;resx;tiff;tif;png;wav;mfcribbon-ms</Extensions>
    </Filter>
    <Filter Include="Helpers">
      <UniqueIdentifier>{749035fc-99ed-4e48-8ef0-8db47379f93c}</UniqueIdentifier>
    </Filter>
    <Filter Include="Users">
      <UniqueIdentifier>{f3cab9df-c062-4283-8479-0fe0298bf3a5}</UniqueIdentifier>
    </Filter>
    <Filter Include="Commands">
      <UniqueIdentifier>{3f7e8794-01ab-40e9-8659-43afc6174ddc}</UniqueIdentifier>
    </Filter>
    <Filter Include="Courses">
      <UniqueIdentifier>{8e5f79de-fa5f-47c1-8b38-a20b15a5a000}</UniqueIdentifier>
    </Filter>
  </ItemGroup>
  <ItemGroup>
    <ClCompile Include="CourseManager.cpp">
      <Filter>Source Files</Filter>
    </ClCompile>
    <ClCompile Include="MyString.cpp">
      <Filter>Helpers</Filter>
    </ClCompile>
    <ClCompile Include="Message.cpp">
      <Filter>Users</Filter>
    </ClCompile>
    <ClCompile Include="User.cpp">
      <Filter>Users</Filter>
    </ClCompile>
    <ClCompile Include="Admin.cpp">
      <Filter>Users</Filter>
    </ClCompile>
    <ClCompile Include="Teacher.cpp">
      <Filter>Users</Filter>
    </ClCompile>
    <ClCompile Include="Student.cpp">
      <Filter>Users</Filter>
    </ClCompile>
    <ClCompile Include="UserRepository.cpp">
      <Filter>Users</Filter>
    </ClCompile>
    <ClCompile Include="UserFactory.cpp">
      <Filter>Users</Filter>
    </ClCompile>
    <ClCompile Include="CourseManagerApp.cpp">
      <Filter>Source Files</Filter>
    </ClCompile>
    <ClCompile Include="Command.cpp">
      <Filter>Commands</Filter>
    </ClCompile>
    <ClCompile Include="LoginCommand.cpp">
      <Filter>Commands</Filter>
    </ClCompile>
    <ClCompile Include="CommandFactory.cpp">
      <Filter>Commands</Filter>
    </ClCompile>
    <ClCompile Include="AddTeacherCommand.cpp">
      <Filter>Commands</Filter>
    </ClCompile>
    <ClCompile Include="MessageAllCommand.cpp">
      <Filter>Commands</Filter>
    </ClCompile>
    <ClCompile Include="LogoutCommand.cpp">
      <Filter>Commands</Filter>
    </ClCompile>
    <ClCompile Include="MailboxCommand.cpp">
      <Filter>Commands</Filter>
    </ClCompile>
    <ClCompile Include="ClearMailboxCommand.cpp">
      <Filter>Commands</Filter>
    </ClCompile>
    <ClCompile Include="Grade.cpp">
      <Filter>Courses</Filter>
    </ClCompile>
    <ClCompile Include="Submission.cpp">
      <Filter>Courses</Filter>
    </ClCompile>
    <ClCompile Include="Assignment.cpp">
      <Filter>Courses</Filter>
    </ClCompile>
    <ClCompile Include="Course.cpp">
      <Filter>Courses</Filter>
    </ClCompile>
    <ClCompile Include="CourseRepository.cpp">
      <Filter>Courses</Filter>
    </ClCompile>
    <ClCompile Include="ChangePasswordCommand.cpp">
      <Filter>Commands</Filter>
    </ClCompile>
    <ClCompile Include="CreateCourseCommand.cpp">
      <Filter>Commands</Filter>
    </ClCompile>
    <ClCompile Include="AddToCourseCommand.cpp">
      <Filter>Commands</Filter>
    </ClCompile>
    <ClCompile Include="AddStudentCommand.cpp">
      <Filter>Commands</Filter>
    </ClCompile>
    <ClCompile Include="AddAssignmentCommand.cpp">
      <Filter>Commands</Filter>
    </ClCompile>
    <ClCompile Include="MessageStudentsCommand.cpp">
      <Filter>Commands</Filter>
    </ClCompile>
    <ClCompile Include="EnrollCommand.cpp">
      <Filter>Commands</Filter>
    </ClCompile>
    <ClCompile Include="MessageCommand.cpp">
      <Filter>Commands</Filter>
    </ClCompile>
    <ClCompile Include="SubmitAssignmentCommand.cpp">
      <Filter>Commands</Filter>
    </ClCompile>
    <ClCompile Include="GradeAssignmentCommand.cpp">
      <Filter>Commands</Filter>
    </ClCompile>
    <ClCompile Include="ViewMyGradesCommand.cpp">
      <Filter>Commands</Filter>
    </ClCompile>
    <ClCompile Include="ViewAssignmentSubmissionsCommand.cpp">
      <Filter>Commands</Filter>
    </ClCompile>
    <ClCompile Include="RemoveUserCommand.cpp">
      <Filter>Commands</Filter>
    </ClCompile>
  </ItemGroup>
  <ItemGroup>
    <ClInclude Include="MyString.h">
      <Filter>Helpers</Filter>
    </ClInclude>
    <ClInclude Include="MyVector.hpp">
      <Filter>Helpers</Filter>
    </ClInclude>
    <ClInclude Include="Message.h">
      <Filter>Users</Filter>
    </ClInclude>
    <ClInclude Include="User.h">
      <Filter>Users</Filter>
    </ClInclude>
    <ClInclude Include="Admin.h">
      <Filter>Users</Filter>
    </ClInclude>
    <ClInclude Include="Teacher.h">
      <Filter>Users</Filter>
    </ClInclude>
    <ClInclude Include="Student.h">
      <Filter>Users</Filter>
    </ClInclude>
    <ClInclude Include="UserRepository.h">
      <Filter>Users</Filter>
    </ClInclude>
    <ClInclude Include="UserFactory.h">
      <Filter>Users</Filter>
    </ClInclude>
    <ClInclude Include="CourseManagerApp.h">
      <Filter>Header Files</Filter>
    </ClInclude>
    <ClInclude Include="Command.h">
      <Filter>Commands</Filter>
    </ClInclude>
    <ClInclude Include="LoginCommand.h">
      <Filter>Commands</Filter>
    </ClInclude>
    <ClInclude Include="CommandFactory.h">
      <Filter>Commands</Filter>
    </ClInclude>
    <ClInclude Include="AddTeacherCommand.h">
      <Filter>Commands</Filter>
    </ClInclude>
    <ClInclude Include="LogoutCommand.h">
      <Filter>Commands</Filter>
    </ClInclude>
    <ClInclude Include="MessageAllCommand.h">
      <Filter>Commands</Filter>
    </ClInclude>
    <ClInclude Include="MailboxCommand.h">
      <Filter>Commands</Filter>
    </ClInclude>
    <ClInclude Include="ClearMailboxCommand.h">
      <Filter>Commands</Filter>
    </ClInclude>
    <ClInclude Include="Grade.h">
      <Filter>Courses</Filter>
    </ClInclude>
    <ClInclude Include="Submission.h">
      <Filter>Courses</Filter>
    </ClInclude>
    <ClInclude Include="Assignment.h">
      <Filter>Courses</Filter>
    </ClInclude>
    <ClInclude Include="Course.h">
      <Filter>Courses</Filter>
    </ClInclude>
    <ClInclude Include="CourseRepository.h">
      <Filter>Courses</Filter>
    </ClInclude>
    <ClInclude Include="StringHelper.h">
      <Filter>Helpers</Filter>
    </ClInclude>
    <ClInclude Include="ChangePasswordCommand.h">
      <Filter>Commands</Filter>
    </ClInclude>
    <ClInclude Include="CreateCourseCommand.h">
      <Filter>Commands</Filter>
    </ClInclude>
    <ClInclude Include="AddToCourseCommand.h">
      <Filter>Commands</Filter>
    </ClInclude>
    <ClInclude Include="AddStudentCommand.h">
      <Filter>Commands</Filter>
    </ClInclude>
    <ClInclude Include="MessageStudentsCommand.h">
      <Filter>Commands</Filter>
    </ClInclude>
    <ClInclude Include="AddAssignmentCommand.h">
      <Filter>Commands</Filter>
    </ClInclude>
    <ClInclude Include="EnrollCommand.h">
      <Filter>Commands</Filter>
    </ClInclude>
    <ClInclude Include="MessageCommand.h">
      <Filter>Commands</Filter>
    </ClInclude>
    <ClInclude Include="SubmitAssignmentCommand.h">
      <Filter>Commands</Filter>
    </ClInclude>
    <ClInclude Include="GradeAssignmentCommand.h">
      <Filter>Commands</Filter>
    </ClInclude>
    <ClInclude Include="ViewMyGradesCommand.h">
      <Filter>Commands</Filter>
    </ClInclude>
    <ClInclude Include="ViewAssignmentSubmissionsCommand.h">
      <Filter>Commands</Filter>
    </ClInclude>
    <ClInclude Include="RemoveUserCommand.h">
      <Filter>Commands</Filter>
    </ClInclude>
  </ItemGroup>
</Project>